
Microsoft Visual Studio Solution File, Format Version 12.00
# Visual Studio Version 17
VisualStudioVersion = 17.2.32616.157
MinimumVisualStudioVersion = 10.0.40219.1
Project("{FAE04EC0-301F-11D3-BF4B-00C04F79EFBC}") = "TareaA", "TareaA\TareaA.csproj", "{5FE55181-3401-47E8-8EB4-DE877B3D646C}"
EndProject
Global
	GlobalSection(SolutionConfigurationPlatforms) = preSolution
		Debug|Any CPU = Debug|Any CPU
		Release|Any CPU = Release|Any CPU
	EndGlobalSection
	GlobalSection(ProjectConfigurationPlatforms) = postSolution
		{5FE55181-3401-47E8-8EB4-DE877B3D646C}.Debug|Any CPU.ActiveCfg = Debug|Any CPU
		{5FE55181-3401-47E8-8EB4-DE877B3D646C}.Debug|Any CPU.Build.0 = Debug|Any CPU
		{5FE55181-3401-47E8-8EB4-DE877B3D646C}.Release|Any CPU.ActiveCfg = Release|Any CPU
		{5FE55181-3401-47E8-8EB4-DE877B3D646C}.Release|Any CPU.Build.0 = Release|Any CPU
	EndGlobalSection
	GlobalSection(SolutionProperties) = preSolution
		HideSolutionNode = FALSE
	EndGlobalSection
	GlobalSection(ExtensibilityGlobals) = postSolution
		SolutionGuid = {4ABD49EE-5D0D-4CF5-98D6-A37E417CEB98}
	EndGlobalSection
EndGlobal
